
Microsoft Visual Studio Solution File, Format Version 12.00
# Visual Studio Version 16
VisualStudioVersion = 16.0.29905.134
MinimumVisualStudioVersion = 10.0.40219.1
Project("{FAE04EC0-301F-11D3-BF4B-00C04F79EFBC}") = "StickyMemo", "StickyMemo\StickyMemo.csproj", "{C233CED2-3DC5-4566-9EAC-9DF65EA3C587}"
EndProject
Global
	GlobalSection(SolutionConfigurationPlatforms) = preSolution
		Debug|Any CPU = Debug|Any CPU
		Release|Any CPU = Release|Any CPU
	EndGlobalSection
	GlobalSection(ProjectConfigurationPlatforms) = postSolution
		{C233CED2-3DC5-4566-9EAC-9DF65EA3C587}.Debug|Any CPU.ActiveCfg = Debug|Any CPU
		{C233CED2-3DC5-4566-9EAC-9DF65EA3C587}.Debug|Any CPU.Build.0 = Debug|Any CPU
		{C233CED2-3DC5-4566-9EAC-9DF65EA3C587}.Release|Any CPU.ActiveCfg = Release|Any CPU
		{C233CED2-3DC5-4566-9EAC-9DF65EA3C587}.Release|Any CPU.Build.0 = Release|Any CPU
	EndGlobalSection
	GlobalSection(SolutionProperties) = preSolution
		HideSolutionNode = FALSE
	EndGlobalSection
	GlobalSection(ExtensibilityGlobals) = postSolution
		SolutionGuid = {57217465-6B78-4719-ABB7-A0FB88F0980C}
	EndGlobalSection
EndGlobal
